// !$*UTF8*$!
{
	archiveVersion = 1;
	classes = {
	};
	objectVersion = 51;
	objects = {

/* Begin PBXBuildFile section */
		25415B45EE49F441FA87D006 /* Pods_RoamUITests.framework in Frameworks */ = {isa = PBXBuildFile; fileRef = 08D94F7F78C6C06616E128F2 /* Pods_RoamUITests.framework */; };
		38158C652290D8DE00FFCE15 /* SignInWithEmailViewController.swift in Sources */ = {isa = PBXBuildFile; fileRef = 38158C642290D8DE00FFCE15 /* SignInWithEmailViewController.swift */; };
		38571D5E2290B54600C460C7 /* LoginViewController.swift in Sources */ = {isa = PBXBuildFile; fileRef = 38571D5D2290B54600C460C7 /* LoginViewController.swift */; };
		ED3C45D622948432006D17B0 /* PandaExpressFoodItems.swift in Sources */ = {isa = PBXBuildFile; fileRef = ED3C45D522948432006D17B0 /* PandaExpressFoodItems.swift */; };
		ED3C45DA22948A0A006D17B0 /* ItemDescriptionCell.swift in Sources */ = {isa = PBXBuildFile; fileRef = ED3C45D922948A0A006D17B0 /* ItemDescriptionCell.swift */; };
		ED3C45DC22948EA4006D17B0 /* TitleCell.swift in Sources */ = {isa = PBXBuildFile; fileRef = ED3C45DB22948EA4006D17B0 /* TitleCell.swift */; };
		ED4CA6A72294B6A00022A095 /* WendysFoodItems.swift in Sources */ = {isa = PBXBuildFile; fileRef = ED4CA6A62294B6A00022A095 /* WendysFoodItems.swift */; };
		ED4CA6AB2294F6180022A095 /* WendysMealSelectionViewController.swift in Sources */ = {isa = PBXBuildFile; fileRef = ED4CA6AA2294F6180022A095 /* WendysMealSelectionViewController.swift */; };
		ED4CA6AD2294F9F20022A095 /* WendysItemDescriptionCell.swift in Sources */ = {isa = PBXBuildFile; fileRef = ED4CA6AC2294F9F20022A095 /* WendysItemDescriptionCell.swift */; };
		ED4CA6AF22950C090022A095 /* PandaSideSelectionController.swift in Sources */ = {isa = PBXBuildFile; fileRef = ED4CA6AE22950C090022A095 /* PandaSideSelectionController.swift */; };
		ED4CA6B1229521190022A095 /* File.swift in Sources */ = {isa = PBXBuildFile; fileRef = ED4CA6B0229521190022A095 /* File.swift */; };
		ED4CA6B3229541E50022A095 /* SideSelectionTitleCell.swift in Sources */ = {isa = PBXBuildFile; fileRef = ED4CA6B2229541E50022A095 /* SideSelectionTitleCell.swift */; };
		ED4CA6B5229542100022A095 /* SideOptionCell.swift in Sources */ = {isa = PBXBuildFile; fileRef = ED4CA6B4229542100022A095 /* SideOptionCell.swift */; };
		EDE119F22290B1AC00853117 /* AppDelegate.swift in Sources */ = {isa = PBXBuildFile; fileRef = EDE119F12290B1AC00853117 /* AppDelegate.swift */; };
		EDE119F72290B1AC00853117 /* Main.storyboard in Resources */ = {isa = PBXBuildFile; fileRef = EDE119F52290B1AC00853117 /* Main.storyboard */; };
		EDE119F92290B1AE00853117 /* Assets.xcassets in Resources */ = {isa = PBXBuildFile; fileRef = EDE119F82290B1AE00853117 /* Assets.xcassets */; };
		EDE119FC2290B1AE00853117 /* LaunchScreen.storyboard in Resources */ = {isa = PBXBuildFile; fileRef = EDE119FA2290B1AE00853117 /* LaunchScreen.storyboard */; };
		EDE11A072290B1AE00853117 /* RoamTests.swift in Sources */ = {isa = PBXBuildFile; fileRef = EDE11A062290B1AE00853117 /* RoamTests.swift */; };
		EDE11A122290B1AE00853117 /* RoamUITests.swift in Sources */ = {isa = PBXBuildFile; fileRef = EDE11A112290B1AE00853117 /* RoamUITests.swift */; };
		EDF153302290F58800FD8BB2 /* HomePageViewController.swift in Sources */ = {isa = PBXBuildFile; fileRef = EDF1532F2290F58800FD8BB2 /* HomePageViewController.swift */; };
		EDF153322290F64100FD8BB2 /* PandaMealSelectionController.swift in Sources */ = {isa = PBXBuildFile; fileRef = EDF153312290F64100FD8BB2 /* PandaMealSelectionController.swift */; };
		F3E4B1E9504DFD8D4B6B6E77 /* Pods_Roam.framework in Frameworks */ = {isa = PBXBuildFile; fileRef = 040EA67AA1E0F2D37889E8EB /* Pods_Roam.framework */; };
		F7C82E06E637C0F687F1CC69 /* Pods_RoamTests.framework in Frameworks */ = {isa = PBXBuildFile; fileRef = 01EC4C0E527244AC67825E1B /* Pods_RoamTests.framework */; };
/* End PBXBuildFile section */

/* Begin PBXContainerItemProxy section */
		EDE11A032290B1AE00853117 /* PBXContainerItemProxy */ = {
			isa = PBXContainerItemProxy;
			containerPortal = EDE119E62290B1AC00853117 /* Project object */;
			proxyType = 1;
			remoteGlobalIDString = EDE119ED2290B1AC00853117;
			remoteInfo = Roam;
		};
		EDE11A0E2290B1AE00853117 /* PBXContainerItemProxy */ = {
			isa = PBXContainerItemProxy;
			containerPortal = EDE119E62290B1AC00853117 /* Project object */;
			proxyType = 1;
			remoteGlobalIDString = EDE119ED2290B1AC00853117;
			remoteInfo = Roam;
		};
/* End PBXContainerItemProxy section */

/* Begin PBXFileReference section */
		01EC4C0E527244AC67825E1B /* Pods_RoamTests.framework */ = {isa = PBXFileReference; explicitFileType = wrapper.framework; includeInIndex = 0; path = Pods_RoamTests.framework; sourceTree = BUILT_PRODUCTS_DIR; };
		040EA67AA1E0F2D37889E8EB /* Pods_Roam.framework */ = {isa = PBXFileReference; explicitFileType = wrapper.framework; includeInIndex = 0; path = Pods_Roam.framework; sourceTree = BUILT_PRODUCTS_DIR; };
		06A74FB8499013DCB4B57E14 /* Pods-Roam.release.xcconfig */ = {isa = PBXFileReference; includeInIndex = 1; lastKnownFileType = text.xcconfig; name = "Pods-Roam.release.xcconfig"; path = "Target Support Files/Pods-Roam/Pods-Roam.release.xcconfig"; sourceTree = "<group>"; };
		08D94F7F78C6C06616E128F2 /* Pods_RoamUITests.framework */ = {isa = PBXFileReference; explicitFileType = wrapper.framework; includeInIndex = 0; path = Pods_RoamUITests.framework; sourceTree = BUILT_PRODUCTS_DIR; };
		38158C642290D8DE00FFCE15 /* SignInWithEmailViewController.swift */ = {isa = PBXFileReference; lastKnownFileType = sourcecode.swift; path = SignInWithEmailViewController.swift; sourceTree = "<group>"; };
		38571D5D2290B54600C460C7 /* LoginViewController.swift */ = {isa = PBXFileReference; lastKnownFileType = sourcecode.swift; name = LoginViewController.swift; path = ../LoginViewController.swift; sourceTree = "<group>"; };
		59E3B0AE760DEE1ECBDBB212 /* Pods-Roam.debug.xcconfig */ = {isa = PBXFileReference; includeInIndex = 1; lastKnownFileType = text.xcconfig; name = "Pods-Roam.debug.xcconfig"; path = "Target Support Files/Pods-Roam/Pods-Roam.debug.xcconfig"; sourceTree = "<group>"; };
		61D8B8464BC567D8ACC37B95 /* Pods-RoamUITests.debug.xcconfig */ = {isa = PBXFileReference; includeInIndex = 1; lastKnownFileType = text.xcconfig; name = "Pods-RoamUITests.debug.xcconfig"; path = "Target Support Files/Pods-RoamUITests/Pods-RoamUITests.debug.xcconfig"; sourceTree = "<group>"; };
		69F20F3A5F30D55D229589E5 /* Pods-RoamTests.release.xcconfig */ = {isa = PBXFileReference; includeInIndex = 1; lastKnownFileType = text.xcconfig; name = "Pods-RoamTests.release.xcconfig"; path = "Target Support Files/Pods-RoamTests/Pods-RoamTests.release.xcconfig"; sourceTree = "<group>"; };
		81BC988E71796CD90919DF30 /* Pods-RoamUITests.release.xcconfig */ = {isa = PBXFileReference; includeInIndex = 1; lastKnownFileType = text.xcconfig; name = "Pods-RoamUITests.release.xcconfig"; path = "Target Support Files/Pods-RoamUITests/Pods-RoamUITests.release.xcconfig"; sourceTree = "<group>"; };
		AD2ABD13AC92B1CEFE2954A3 /* Pods-RoamTests.debug.xcconfig */ = {isa = PBXFileReference; includeInIndex = 1; lastKnownFileType = text.xcconfig; name = "Pods-RoamTests.debug.xcconfig"; path = "Target Support Files/Pods-RoamTests/Pods-RoamTests.debug.xcconfig"; sourceTree = "<group>"; };
		ED3C45D522948432006D17B0 /* PandaExpressFoodItems.swift */ = {isa = PBXFileReference; lastKnownFileType = sourcecode.swift; path = PandaExpressFoodItems.swift; sourceTree = "<group>"; };
		ED3C45D922948A0A006D17B0 /* ItemDescriptionCell.swift */ = {isa = PBXFileReference; lastKnownFileType = sourcecode.swift; path = ItemDescriptionCell.swift; sourceTree = "<group>"; };
		ED3C45DB22948EA4006D17B0 /* TitleCell.swift */ = {isa = PBXFileReference; lastKnownFileType = sourcecode.swift; path = TitleCell.swift; sourceTree = "<group>"; };
		ED4CA6A62294B6A00022A095 /* WendysFoodItems.swift */ = {isa = PBXFileReference; lastKnownFileType = sourcecode.swift; path = WendysFoodItems.swift; sourceTree = "<group>"; };
		ED4CA6AA2294F6180022A095 /* WendysMealSelectionViewController.swift */ = {isa = PBXFileReference; lastKnownFileType = sourcecode.swift; path = WendysMealSelectionViewController.swift; sourceTree = "<group>"; };
		ED4CA6AC2294F9F20022A095 /* WendysItemDescriptionCell.swift */ = {isa = PBXFileReference; lastKnownFileType = sourcecode.swift; path = WendysItemDescriptionCell.swift; sourceTree = "<group>"; };
		ED4CA6AE22950C090022A095 /* PandaSideSelectionController.swift */ = {isa = PBXFileReference; lastKnownFileType = sourcecode.swift; name = PandaSideSelectionController.swift; path = Roam/ViewControllers/PandaSideSelectionController.swift; sourceTree = SOURCE_ROOT; };
		ED4CA6B0229521190022A095 /* File.swift */ = {isa = PBXFileReference; lastKnownFileType = sourcecode.swift; path = File.swift; sourceTree = "<group>"; };
		ED4CA6B2229541E50022A095 /* SideSelectionTitleCell.swift */ = {isa = PBXFileReference; lastKnownFileType = sourcecode.swift; path = SideSelectionTitleCell.swift; sourceTree = "<group>"; };
		ED4CA6B4229542100022A095 /* SideOptionCell.swift */ = {isa = PBXFileReference; lastKnownFileType = sourcecode.swift; path = SideOptionCell.swift; sourceTree = "<group>"; };
		EDE119EE2290B1AC00853117 /* Roam.app */ = {isa = PBXFileReference; explicitFileType = wrapper.application; includeInIndex = 0; path = Roam.app; sourceTree = BUILT_PRODUCTS_DIR; };
		EDE119F12290B1AC00853117 /* AppDelegate.swift */ = {isa = PBXFileReference; lastKnownFileType = sourcecode.swift; path = AppDelegate.swift; sourceTree = "<group>"; };
		EDE119F62290B1AC00853117 /* Base */ = {isa = PBXFileReference; lastKnownFileType = file.storyboard; name = Base; path = Base.lproj/Main.storyboard; sourceTree = "<group>"; };
		EDE119F82290B1AE00853117 /* Assets.xcassets */ = {isa = PBXFileReference; lastKnownFileType = folder.assetcatalog; path = Assets.xcassets; sourceTree = "<group>"; };
		EDE119FB2290B1AE00853117 /* Base */ = {isa = PBXFileReference; lastKnownFileType = file.storyboard; name = Base; path = Base.lproj/LaunchScreen.storyboard; sourceTree = "<group>"; };
		EDE119FD2290B1AE00853117 /* Info.plist */ = {isa = PBXFileReference; lastKnownFileType = text.plist.xml; path = Info.plist; sourceTree = "<group>"; };
		EDE11A022290B1AE00853117 /* RoamTests.xctest */ = {isa = PBXFileReference; explicitFileType = wrapper.cfbundle; includeInIndex = 0; path = RoamTests.xctest; sourceTree = BUILT_PRODUCTS_DIR; };
		EDE11A062290B1AE00853117 /* RoamTests.swift */ = {isa = PBXFileReference; lastKnownFileType = sourcecode.swift; path = RoamTests.swift; sourceTree = "<group>"; };
		EDE11A082290B1AE00853117 /* Info.plist */ = {isa = PBXFileReference; lastKnownFileType = text.plist.xml; path = Info.plist; sourceTree = "<group>"; };
		EDE11A0D2290B1AE00853117 /* RoamUITests.xctest */ = {isa = PBXFileReference; explicitFileType = wrapper.cfbundle; includeInIndex = 0; path = RoamUITests.xctest; sourceTree = BUILT_PRODUCTS_DIR; };
		EDE11A112290B1AE00853117 /* RoamUITests.swift */ = {isa = PBXFileReference; lastKnownFileType = sourcecode.swift; path = RoamUITests.swift; sourceTree = "<group>"; };
		EDE11A132290B1AE00853117 /* Info.plist */ = {isa = PBXFileReference; lastKnownFileType = text.plist.xml; path = Info.plist; sourceTree = "<group>"; };
		EDF1532F2290F58800FD8BB2 /* HomePageViewController.swift */ = {isa = PBXFileReference; lastKnownFileType = sourcecode.swift; path = HomePageViewController.swift; sourceTree = "<group>"; };
		EDF153312290F64100FD8BB2 /* PandaMealSelectionController.swift */ = {isa = PBXFileReference; lastKnownFileType = sourcecode.swift; path = PandaMealSelectionController.swift; sourceTree = "<group>"; };
/* End PBXFileReference section */

/* Begin PBXFrameworksBuildPhase section */
		EDE119EB2290B1AC00853117 /* Frameworks */ = {
			isa = PBXFrameworksBuildPhase;
			buildActionMask = 2147483647;
			files = (
				F3E4B1E9504DFD8D4B6B6E77 /* Pods_Roam.framework in Frameworks */,
			);
			runOnlyForDeploymentPostprocessing = 0;
		};
		EDE119FF2290B1AE00853117 /* Frameworks */ = {
			isa = PBXFrameworksBuildPhase;
			buildActionMask = 2147483647;
			files = (
				F7C82E06E637C0F687F1CC69 /* Pods_RoamTests.framework in Frameworks */,
			);
			runOnlyForDeploymentPostprocessing = 0;
		};
		EDE11A0A2290B1AE00853117 /* Frameworks */ = {
			isa = PBXFrameworksBuildPhase;
			buildActionMask = 2147483647;
			files = (
				25415B45EE49F441FA87D006 /* Pods_RoamUITests.framework in Frameworks */,
			);
			runOnlyForDeploymentPostprocessing = 0;
		};
/* End PBXFrameworksBuildPhase section */

/* Begin PBXGroup section */
		33E5C4015E9BF39019F49001 /* Frameworks */ = {
			isa = PBXGroup;
			children = (
				040EA67AA1E0F2D37889E8EB /* Pods_Roam.framework */,
				01EC4C0E527244AC67825E1B /* Pods_RoamTests.framework */,
				08D94F7F78C6C06616E128F2 /* Pods_RoamUITests.framework */,
			);
			name = Frameworks;
			sourceTree = "<group>";
		};
		38571D5F2290B55100C460C7 /* ViewControllers */ = {
			isa = PBXGroup;
			children = (
				ED4CA6AA2294F6180022A095 /* WendysMealSelectionViewController.swift */,
				38571D5D2290B54600C460C7 /* LoginViewController.swift */,
				38158C642290D8DE00FFCE15 /* SignInWithEmailViewController.swift */,
				EDF1532F2290F58800FD8BB2 /* HomePageViewController.swift */,
				EDF153312290F64100FD8BB2 /* PandaMealSelectionController.swift */,
			);
			path = ViewControllers;
			sourceTree = "<group>";
		};
		E1BEBD96B9FF2901C641FDCB /* Pods */ = {
			isa = PBXGroup;
			children = (
				59E3B0AE760DEE1ECBDBB212 /* Pods-Roam.debug.xcconfig */,
				06A74FB8499013DCB4B57E14 /* Pods-Roam.release.xcconfig */,
				AD2ABD13AC92B1CEFE2954A3 /* Pods-RoamTests.debug.xcconfig */,
				69F20F3A5F30D55D229589E5 /* Pods-RoamTests.release.xcconfig */,
				61D8B8464BC567D8ACC37B95 /* Pods-RoamUITests.debug.xcconfig */,
				81BC988E71796CD90919DF30 /* Pods-RoamUITests.release.xcconfig */,
			);
			path = Pods;
			sourceTree = "<group>";
		};
		ED3C45D0229481C1006D17B0 /* Helpers */ = {
			isa = PBXGroup;
			children = (
				EDE119F82290B1AE00853117 /* Assets.xcassets */,
				EDE119F12290B1AC00853117 /* AppDelegate.swift */,
				ED4CA6B0229521190022A095 /* File.swift */,
			);
			path = Helpers;
			sourceTree = "<group>";
		};
		ED3C45D1229481C4006D17B0 /* Cells */ = {
			isa = PBXGroup;
			children = (
				ED3C45D922948A0A006D17B0 /* ItemDescriptionCell.swift */,
				ED3C45DB22948EA4006D17B0 /* TitleCell.swift */,
				ED4CA6A82294F36F0022A095 /* PandaExpress */,
				ED4CA6A92294F3980022A095 /* Wendys */,
				ED4CA6AC2294F9F20022A095 /* WendysItemDescriptionCell.swift */,
			);
			path = Cells;
			sourceTree = "<group>";
		};
		ED3C45D2229481C7006D17B0 /* Storyboards */ = {
			isa = PBXGroup;
			children = (
				EDE119FA2290B1AE00853117 /* LaunchScreen.storyboard */,
				EDE119F52290B1AC00853117 /* Main.storyboard */,
				ED4CA6AE22950C090022A095 /* PandaSideSelectionController.swift */,
			);
			path = Storyboards;
			sourceTree = "<group>";
		};
		ED3C45D4229483C8006D17B0 /* Structs */ = {
			isa = PBXGroup;
			children = (
				ED4CA6A62294B6A00022A095 /* WendysFoodItems.swift */,
				ED3C45D522948432006D17B0 /* PandaExpressFoodItems.swift */,
			);
			path = Structs;
			sourceTree = "<group>";
		};
		ED4CA6A82294F36F0022A095 /* PandaExpress */ = {
			isa = PBXGroup;
			children = (
				ED4CA6B2229541E50022A095 /* SideSelectionTitleCell.swift */,
				ED4CA6B4229542100022A095 /* SideOptionCell.swift */,
			);
			path = PandaExpress;
			sourceTree = "<group>";
		};
		ED4CA6A92294F3980022A095 /* Wendys */ = {
			isa = PBXGroup;
			children = (
			);
			path = Wendys;
			sourceTree = "<group>";
		};
		EDE119E52290B1AC00853117 = {
			isa = PBXGroup;
			children = (
				EDE119F02290B1AC00853117 /* Roam */,
				EDE11A052290B1AE00853117 /* RoamTests */,
				EDE11A102290B1AE00853117 /* RoamUITests */,
				EDE119EF2290B1AC00853117 /* Products */,
				E1BEBD96B9FF2901C641FDCB /* Pods */,
				33E5C4015E9BF39019F49001 /* Frameworks */,
			);
			sourceTree = "<group>";
		};
		EDE119EF2290B1AC00853117 /* Products */ = {
			isa = PBXGroup;
			children = (
				EDE119EE2290B1AC00853117 /* Roam.app */,
				EDE11A022290B1AE00853117 /* RoamTests.xctest */,
				EDE11A0D2290B1AE00853117 /* RoamUITests.xctest */,
			);
			name = Products;
			sourceTree = "<group>";
		};
		EDE119F02290B1AC00853117 /* Roam */ = {
			isa = PBXGroup;
			children = (
				EDE119FD2290B1AE00853117 /* Info.plist */,
				ED3C45D4229483C8006D17B0 /* Structs */,
				ED3C45D2229481C7006D17B0 /* Storyboards */,
				ED3C45D1229481C4006D17B0 /* Cells */,
				ED3C45D0229481C1006D17B0 /* Helpers */,
				38571D5F2290B55100C460C7 /* ViewControllers */,
			);
			path = Roam;
			sourceTree = "<group>";
		};
		EDE11A052290B1AE00853117 /* RoamTests */ = {
			isa = PBXGroup;
			children = (
				EDE11A062290B1AE00853117 /* RoamTests.swift */,
				EDE11A082290B1AE00853117 /* Info.plist */,
			);
			path = RoamTests;
			sourceTree = "<group>";
		};
		EDE11A102290B1AE00853117 /* RoamUITests */ = {
			isa = PBXGroup;
			children = (
				EDE11A112290B1AE00853117 /* RoamUITests.swift */,
				EDE11A132290B1AE00853117 /* Info.plist */,
			);
			path = RoamUITests;
			sourceTree = "<group>";
		};
/* End PBXGroup section */

/* Begin PBXNativeTarget section */
		EDE119ED2290B1AC00853117 /* Roam */ = {
			isa = PBXNativeTarget;
			buildConfigurationList = EDE11A162290B1AE00853117 /* Build configuration list for PBXNativeTarget "Roam" */;
			buildPhases = (
				C156B0F0D7C550F970D4D17B /* [CP] Check Pods Manifest.lock */,
				EDE119EA2290B1AC00853117 /* Sources */,
				EDE119EB2290B1AC00853117 /* Frameworks */,
				EDE119EC2290B1AC00853117 /* Resources */,
				F468D9253D844686A8C04F41 /* [CP] Embed Pods Frameworks */,
			);
			buildRules = (
			);
			dependencies = (
			);
			name = Roam;
			productName = Roam;
			productReference = EDE119EE2290B1AC00853117 /* Roam.app */;
			productType = "com.apple.product-type.application";
		};
		EDE11A012290B1AE00853117 /* RoamTests */ = {
			isa = PBXNativeTarget;
			buildConfigurationList = EDE11A192290B1AE00853117 /* Build configuration list for PBXNativeTarget "RoamTests" */;
			buildPhases = (
				9D1CCD00301C9D734ED22EB1 /* [CP] Check Pods Manifest.lock */,
				EDE119FE2290B1AE00853117 /* Sources */,
				EDE119FF2290B1AE00853117 /* Frameworks */,
				EDE11A002290B1AE00853117 /* Resources */,
			);
			buildRules = (
			);
			dependencies = (
				EDE11A042290B1AE00853117 /* PBXTargetDependency */,
			);
			name = RoamTests;
			productName = RoamTests;
			productReference = EDE11A022290B1AE00853117 /* RoamTests.xctest */;
			productType = "com.apple.product-type.bundle.unit-test";
		};
		EDE11A0C2290B1AE00853117 /* RoamUITests */ = {
			isa = PBXNativeTarget;
			buildConfigurationList = EDE11A1C2290B1AE00853117 /* Build configuration list for PBXNativeTarget "RoamUITests" */;
			buildPhases = (
				3C3A5885535AEB63019B5D04 /* [CP] Check Pods Manifest.lock */,
				EDE11A092290B1AE00853117 /* Sources */,
				EDE11A0A2290B1AE00853117 /* Frameworks */,
				EDE11A0B2290B1AE00853117 /* Resources */,
			);
			buildRules = (
			);
			dependencies = (
				EDE11A0F2290B1AE00853117 /* PBXTargetDependency */,
			);
			name = RoamUITests;
			productName = RoamUITests;
			productReference = EDE11A0D2290B1AE00853117 /* RoamUITests.xctest */;
			productType = "com.apple.product-type.bundle.ui-testing";
		};
/* End PBXNativeTarget section */

/* Begin PBXProject section */
		EDE119E62290B1AC00853117 /* Project object */ = {
			isa = PBXProject;
			attributes = {
				LastSwiftUpdateCheck = 1020;
				LastUpgradeCheck = 1020;
				ORGANIZATIONNAME = "Darrel Muonekwu";
				TargetAttributes = {
					EDE119ED2290B1AC00853117 = {
						CreatedOnToolsVersion = 10.2.1;
					};
					EDE11A012290B1AE00853117 = {
						CreatedOnToolsVersion = 10.2.1;
						TestTargetID = EDE119ED2290B1AC00853117;
					};
					EDE11A0C2290B1AE00853117 = {
						CreatedOnToolsVersion = 10.2.1;
						TestTargetID = EDE119ED2290B1AC00853117;
					};
				};
			};
			buildConfigurationList = EDE119E92290B1AC00853117 /* Build configuration list for PBXProject "Roam" */;
			compatibilityVersion = "Xcode 9.3";
			developmentRegion = en;
			hasScannedForEncodings = 0;
			knownRegions = (
				en,
				Base,
			);
			mainGroup = EDE119E52290B1AC00853117;
			productRefGroup = EDE119EF2290B1AC00853117 /* Products */;
			projectDirPath = "";
			projectRoot = "";
			targets = (
				EDE119ED2290B1AC00853117 /* Roam */,
				EDE11A012290B1AE00853117 /* RoamTests */,
				EDE11A0C2290B1AE00853117 /* RoamUITests */,
			);
		};
/* End PBXProject section */

/* Begin PBXResourcesBuildPhase section */
		EDE119EC2290B1AC00853117 /* Resources */ = {
			isa = PBXResourcesBuildPhase;
			buildActionMask = 2147483647;
			files = (
				EDE119FC2290B1AE00853117 /* LaunchScreen.storyboard in Resources */,
				EDE119F92290B1AE00853117 /* Assets.xcassets in Resources */,
				EDE119F72290B1AC00853117 /* Main.storyboard in Resources */,
			);
			runOnlyForDeploymentPostprocessing = 0;
		};
		EDE11A002290B1AE00853117 /* Resources */ = {
			isa = PBXResourcesBuildPhase;
			buildActionMask = 2147483647;
			files = (
			);
			runOnlyForDeploymentPostprocessing = 0;
		};
		EDE11A0B2290B1AE00853117 /* Resources */ = {
			isa = PBXResourcesBuildPhase;
			buildActionMask = 2147483647;
			files = (
			);
			runOnlyForDeploymentPostprocessing = 0;
		};
/* End PBXResourcesBuildPhase section */

/* Begin PBXShellScriptBuildPhase section */
		3C3A5885535AEB63019B5D04 /* [CP] Check Pods Manifest.lock */ = {
			isa = PBXShellScriptBuildPhase;
			buildActionMask = 2147483647;
			files = (
			);
			inputFileListPaths = (
			);
			inputPaths = (
				"${PODS_PODFILE_DIR_PATH}/Podfile.lock",
				"${PODS_ROOT}/Manifest.lock",
			);
			name = "[CP] Check Pods Manifest.lock";
			outputFileListPaths = (
			);
			outputPaths = (
				"$(DERIVED_FILE_DIR)/Pods-RoamUITests-checkManifestLockResult.txt",
			);
			runOnlyForDeploymentPostprocessing = 0;
			shellPath = /bin/sh;
			shellScript = "diff \"${PODS_PODFILE_DIR_PATH}/Podfile.lock\" \"${PODS_ROOT}/Manifest.lock\" > /dev/null\nif [ $? != 0 ] ; then\n    # print error to STDERR\n    echo \"error: The sandbox is not in sync with the Podfile.lock. Run 'pod install' or update your CocoaPods installation.\" >&2\n    exit 1\nfi\n# This output is used by Xcode 'outputs' to avoid re-running this script phase.\necho \"SUCCESS\" > \"${SCRIPT_OUTPUT_FILE_0}\"\n";
			showEnvVarsInLog = 0;
		};
		9D1CCD00301C9D734ED22EB1 /* [CP] Check Pods Manifest.lock */ = {
			isa = PBXShellScriptBuildPhase;
			buildActionMask = 2147483647;
			files = (
			);
			inputFileListPaths = (
			);
			inputPaths = (
				"${PODS_PODFILE_DIR_PATH}/Podfile.lock",
				"${PODS_ROOT}/Manifest.lock",
			);
			name = "[CP] Check Pods Manifest.lock";
			outputFileListPaths = (
			);
			outputPaths = (
				"$(DERIVED_FILE_DIR)/Pods-RoamTests-checkManifestLockResult.txt",
			);
			runOnlyForDeploymentPostprocessing = 0;
			shellPath = /bin/sh;
			shellScript = "diff \"${PODS_PODFILE_DIR_PATH}/Podfile.lock\" \"${PODS_ROOT}/Manifest.lock\" > /dev/null\nif [ $? != 0 ] ; then\n    # print error to STDERR\n    echo \"error: The sandbox is not in sync with the Podfile.lock. Run 'pod install' or update your CocoaPods installation.\" >&2\n    exit 1\nfi\n# This output is used by Xcode 'outputs' to avoid re-running this script phase.\necho \"SUCCESS\" > \"${SCRIPT_OUTPUT_FILE_0}\"\n";
			showEnvVarsInLog = 0;
		};
		C156B0F0D7C550F970D4D17B /* [CP] Check Pods Manifest.lock */ = {
			isa = PBXShellScriptBuildPhase;
			buildActionMask = 2147483647;
			files = (
			);
			inputFileListPaths = (
			);
			inputPaths = (
				"${PODS_PODFILE_DIR_PATH}/Podfile.lock",
				"${PODS_ROOT}/Manifest.lock",
			);
			name = "[CP] Check Pods Manifest.lock";
			outputFileListPaths = (
			);
			outputPaths = (
				"$(DERIVED_FILE_DIR)/Pods-Roam-checkManifestLockResult.txt",
			);
			runOnlyForDeploymentPostprocessing = 0;
			shellPath = /bin/sh;
			shellScript = "diff \"${PODS_PODFILE_DIR_PATH}/Podfile.lock\" \"${PODS_ROOT}/Manifest.lock\" > /dev/null\nif [ $? != 0 ] ; then\n    # print error to STDERR\n    echo \"error: The sandbox is not in sync with the Podfile.lock. Run 'pod install' or update your CocoaPods installation.\" >&2\n    exit 1\nfi\n# This output is used by Xcode 'outputs' to avoid re-running this script phase.\necho \"SUCCESS\" > \"${SCRIPT_OUTPUT_FILE_0}\"\n";
			showEnvVarsInLog = 0;
		};
		F468D9253D844686A8C04F41 /* [CP] Embed Pods Frameworks */ = {
			isa = PBXShellScriptBuildPhase;
			buildActionMask = 2147483647;
			files = (
			);
			inputFileListPaths = (
				"${PODS_ROOT}/Target Support Files/Pods-Roam/Pods-Roam-frameworks-${CONFIGURATION}-input-files.xcfilelist",
			);
			name = "[CP] Embed Pods Frameworks";
			outputFileListPaths = (
				"${PODS_ROOT}/Target Support Files/Pods-Roam/Pods-Roam-frameworks-${CONFIGURATION}-output-files.xcfilelist",
			);
			runOnlyForDeploymentPostprocessing = 0;
			shellPath = /bin/sh;
			shellScript = "\"${PODS_ROOT}/Target Support Files/Pods-Roam/Pods-Roam-frameworks.sh\"\n";
			showEnvVarsInLog = 0;
		};
/* End PBXShellScriptBuildPhase section */

/* Begin PBXSourcesBuildPhase section */
		EDE119EA2290B1AC00853117 /* Sources */ = {
			isa = PBXSourcesBuildPhase;
			buildActionMask = 2147483647;
			files = (
				ED4CA6AF22950C090022A095 /* PandaSideSelectionController.swift in Sources */,
				ED4CA6B5229542100022A095 /* SideOptionCell.swift in Sources */,
				EDF153322290F64100FD8BB2 /* PandaMealSelectionController.swift in Sources */,
				38571D5E2290B54600C460C7 /* LoginViewController.swift in Sources */,
				38158C652290D8DE00FFCE15 /* SignInWithEmailViewController.swift in Sources */,
				EDF153302290F58800FD8BB2 /* HomePageViewController.swift in Sources */,
				ED4CA6AB2294F6180022A095 /* WendysMealSelectionViewController.swift in Sources */,
				ED3C45DC22948EA4006D17B0 /* TitleCell.swift in Sources */,
				ED4CA6A72294B6A00022A095 /* WendysFoodItems.swift in Sources */,
				ED3C45D622948432006D17B0 /* PandaExpressFoodItems.swift in Sources */,
				ED4CA6AD2294F9F20022A095 /* WendysItemDescriptionCell.swift in Sources */,
				ED4CA6B1229521190022A095 /* File.swift in Sources */,
				EDE119F22290B1AC00853117 /* AppDelegate.swift in Sources */,
				ED4CA6B3229541E50022A095 /* SideSelectionTitleCell.swift in Sources */,
				ED3C45DA22948A0A006D17B0 /* ItemDescriptionCell.swift in Sources */,
			);
			runOnlyForDeploymentPostprocessing = 0;
		};
		EDE119FE2290B1AE00853117 /* Sources */ = {
			isa = PBXSourcesBuildPhase;
			buildActionMask = 2147483647;
			files = (
				EDE11A072290B1AE00853117 /* RoamTests.swift in Sources */,
			);
			runOnlyForDeploymentPostprocessing = 0;
		};
		EDE11A092290B1AE00853117 /* Sources */ = {
			isa = PBXSourcesBuildPhase;
			buildActionMask = 2147483647;
			files = (
				EDE11A122290B1AE00853117 /* RoamUITests.swift in Sources */,
			);
			runOnlyForDeploymentPostprocessing = 0;
		};
/* End PBXSourcesBuildPhase section */

/* Begin PBXTargetDependency section */
		EDE11A042290B1AE00853117 /* PBXTargetDependency */ = {
			isa = PBXTargetDependency;
			target = EDE119ED2290B1AC00853117 /* Roam */;
			targetProxy = EDE11A032290B1AE00853117 /* PBXContainerItemProxy */;
		};
		EDE11A0F2290B1AE00853117 /* PBXTargetDependency */ = {
			isa = PBXTargetDependency;
			target = EDE119ED2290B1AC00853117 /* Roam */;
			targetProxy = EDE11A0E2290B1AE00853117 /* PBXContainerItemProxy */;
		};
/* End PBXTargetDependency section */

/* Begin PBXVariantGroup section */
		EDE119F52290B1AC00853117 /* Main.storyboard */ = {
			isa = PBXVariantGroup;
			children = (
				EDE119F62290B1AC00853117 /* Base */,
			);
			name = Main.storyboard;
			sourceTree = "<group>";
		};
		EDE119FA2290B1AE00853117 /* LaunchScreen.storyboard */ = {
			isa = PBXVariantGroup;
			children = (
				EDE119FB2290B1AE00853117 /* Base */,
			);
			name = LaunchScreen.storyboard;
			sourceTree = "<group>";
		};
/* End PBXVariantGroup section */

/* Begin XCBuildConfiguration section */
		EDE11A142290B1AE00853117 /* Debug */ = {
			isa = XCBuildConfiguration;
			buildSettings = {
				ALWAYS_SEARCH_USER_PATHS = NO;
				CLANG_ANALYZER_NONNULL = YES;
				CLANG_ANALYZER_NUMBER_OBJECT_CONVERSION = YES_AGGRESSIVE;
				CLANG_CXX_LANGUAGE_STANDARD = "gnu++14";
				CLANG_CXX_LIBRARY = "libc++";
				CLANG_ENABLE_MODULES = YES;
				CLANG_ENABLE_OBJC_ARC = YES;
				CLANG_ENABLE_OBJC_WEAK = YES;
				CLANG_WARN_BLOCK_CAPTURE_AUTORELEASING = YES;
				CLANG_WARN_BOOL_CONVERSION = YES;
				CLANG_WARN_COMMA = YES;
				CLANG_WARN_CONSTANT_CONVERSION = YES;
				CLANG_WARN_DEPRECATED_OBJC_IMPLEMENTATIONS = YES;
				CLANG_WARN_DIRECT_OBJC_ISA_USAGE = YES_ERROR;
				CLANG_WARN_DOCUMENTATION_COMMENTS = YES;
				CLANG_WARN_EMPTY_BODY = YES;
				CLANG_WARN_ENUM_CONVERSION = YES;
				CLANG_WARN_INFINITE_RECURSION = YES;
				CLANG_WARN_INT_CONVERSION = YES;
				CLANG_WARN_NON_LITERAL_NULL_CONVERSION = YES;
				CLANG_WARN_OBJC_IMPLICIT_RETAIN_SELF = YES;
				CLANG_WARN_OBJC_LITERAL_CONVERSION = YES;
				CLANG_WARN_OBJC_ROOT_CLASS = YES_ERROR;
				CLANG_WARN_RANGE_LOOP_ANALYSIS = YES;
				CLANG_WARN_STRICT_PROTOTYPES = YES;
				CLANG_WARN_SUSPICIOUS_MOVE = YES;
				CLANG_WARN_UNGUARDED_AVAILABILITY = YES_AGGRESSIVE;
				CLANG_WARN_UNREACHABLE_CODE = YES;
				CLANG_WARN__DUPLICATE_METHOD_MATCH = YES;
				CODE_SIGN_IDENTITY = "iPhone Developer";
				COPY_PHASE_STRIP = NO;
				DEBUG_INFORMATION_FORMAT = dwarf;
				ENABLE_STRICT_OBJC_MSGSEND = YES;
				ENABLE_TESTABILITY = YES;
				GCC_C_LANGUAGE_STANDARD = gnu11;
				GCC_DYNAMIC_NO_PIC = NO;
				GCC_NO_COMMON_BLOCKS = YES;
				GCC_OPTIMIZATION_LEVEL = 0;
				GCC_PREPROCESSOR_DEFINITIONS = (
					"DEBUG=1",
					"$(inherited)",
				);
				GCC_WARN_64_TO_32_BIT_CONVERSION = YES;
				GCC_WARN_ABOUT_RETURN_TYPE = YES_ERROR;
				GCC_WARN_UNDECLARED_SELECTOR = YES;
				GCC_WARN_UNINITIALIZED_AUTOS = YES_AGGRESSIVE;
				GCC_WARN_UNUSED_FUNCTION = YES;
				GCC_WARN_UNUSED_VARIABLE = YES;
				IPHONEOS_DEPLOYMENT_TARGET = 12.2;
				MTL_ENABLE_DEBUG_INFO = INCLUDE_SOURCE;
				MTL_FAST_MATH = YES;
				ONLY_ACTIVE_ARCH = YES;
				SDKROOT = iphoneos;
				SWIFT_ACTIVE_COMPILATION_CONDITIONS = DEBUG;
				SWIFT_OPTIMIZATION_LEVEL = "-Onone";
			};
			name = Debug;
		};
		EDE11A152290B1AE00853117 /* Release */ = {
			isa = XCBuildConfiguration;
			buildSettings = {
				ALWAYS_SEARCH_USER_PATHS = NO;
				CLANG_ANALYZER_NONNULL = YES;
				CLANG_ANALYZER_NUMBER_OBJECT_CONVERSION = YES_AGGRESSIVE;
				CLANG_CXX_LANGUAGE_STANDARD = "gnu++14";
				CLANG_CXX_LIBRARY = "libc++";
				CLANG_ENABLE_MODULES = YES;
				CLANG_ENABLE_OBJC_ARC = YES;
				CLANG_ENABLE_OBJC_WEAK = YES;
				CLANG_WARN_BLOCK_CAPTURE_AUTORELEASING = YES;
				CLANG_WARN_BOOL_CONVERSION = YES;
				CLANG_WARN_COMMA = YES;
				CLANG_WARN_CONSTANT_CONVERSION = YES;
				CLANG_WARN_DEPRECATED_OBJC_IMPLEMENTATIONS = YES;
				CLANG_WARN_DIRECT_OBJC_ISA_USAGE = YES_ERROR;
				CLANG_WARN_DOCUMENTATION_COMMENTS = YES;
				CLANG_WARN_EMPTY_BODY = YES;
				CLANG_WARN_ENUM_CONVERSION = YES;
				CLANG_WARN_INFINITE_RECURSION = YES;
				CLANG_WARN_INT_CONVERSION = YES;
				CLANG_WARN_NON_LITERAL_NULL_CONVERSION = YES;
				CLANG_WARN_OBJC_IMPLICIT_RETAIN_SELF = YES;
				CLANG_WARN_OBJC_LITERAL_CONVERSION = YES;
				CLANG_WARN_OBJC_ROOT_CLASS = YES_ERROR;
				CLANG_WARN_RANGE_LOOP_ANALYSIS = YES;
				CLANG_WARN_STRICT_PROTOTYPES = YES;
				CLANG_WARN_SUSPICIOUS_MOVE = YES;
				CLANG_WARN_UNGUARDED_AVAILABILITY = YES_AGGRESSIVE;
				CLANG_WARN_UNREACHABLE_CODE = YES;
				CLANG_WARN__DUPLICATE_METHOD_MATCH = YES;
				CODE_SIGN_IDENTITY = "iPhone Developer";
				COPY_PHASE_STRIP = NO;
				DEBUG_INFORMATION_FORMAT = "dwarf-with-dsym";
				ENABLE_NS_ASSERTIONS = NO;
				ENABLE_STRICT_OBJC_MSGSEND = YES;
				GCC_C_LANGUAGE_STANDARD = gnu11;
				GCC_NO_COMMON_BLOCKS = YES;
				GCC_WARN_64_TO_32_BIT_CONVERSION = YES;
				GCC_WARN_ABOUT_RETURN_TYPE = YES_ERROR;
				GCC_WARN_UNDECLARED_SELECTOR = YES;
				GCC_WARN_UNINITIALIZED_AUTOS = YES_AGGRESSIVE;
				GCC_WARN_UNUSED_FUNCTION = YES;
				GCC_WARN_UNUSED_VARIABLE = YES;
				IPHONEOS_DEPLOYMENT_TARGET = 12.2;
				MTL_ENABLE_DEBUG_INFO = NO;
				MTL_FAST_MATH = YES;
				SDKROOT = iphoneos;
				SWIFT_COMPILATION_MODE = wholemodule;
				SWIFT_OPTIMIZATION_LEVEL = "-O";
				VALIDATE_PRODUCT = YES;
			};
			name = Release;
		};
		EDE11A172290B1AE00853117 /* Debug */ = {
			isa = XCBuildConfiguration;
			baseConfigurationReference = 59E3B0AE760DEE1ECBDBB212 /* Pods-Roam.debug.xcconfig */;
			buildSettings = {
				ASSETCATALOG_COMPILER_APPICON_NAME = AppIcon;
				CODE_SIGN_STYLE = Automatic;
				DEVELOPMENT_TEAM = 2Y7PPXA97Y;
				INFOPLIST_FILE = Roam/Info.plist;
				LD_RUNPATH_SEARCH_PATHS = (
					"$(inherited)",
					"@executable_path/Frameworks",
				);
				PRODUCT_BUNDLE_IDENTIFIER = com.darrelmuonekwu.Roam;
				PRODUCT_NAME = "$(TARGET_NAME)";
				SWIFT_VERSION = 5.0;
				TARGETED_DEVICE_FAMILY = "1,2";
			};
			name = Debug;
		};
		EDE11A182290B1AE00853117 /* Release */ = {
			isa = XCBuildConfiguration;
			baseConfigurationReference = 06A74FB8499013DCB4B57E14 /* Pods-Roam.release.xcconfig */;
			buildSettings = {
				ASSETCATALOG_COMPILER_APPICON_NAME = AppIcon;
				CODE_SIGN_STYLE = Automatic;
				DEVELOPMENT_TEAM = 2Y7PPXA97Y;
				INFOPLIST_FILE = Roam/Info.plist;
				LD_RUNPATH_SEARCH_PATHS = (
					"$(inherited)",
					"@executable_path/Frameworks",
				);
				PRODUCT_BUNDLE_IDENTIFIER = com.darrelmuonekwu.Roam;
				PRODUCT_NAME = "$(TARGET_NAME)";
				SWIFT_VERSION = 5.0;
				TARGETED_DEVICE_FAMILY = "1,2";
			};
			name = Release;
		};
		EDE11A1A2290B1AE00853117 /* Debug */ = {
			isa = XCBuildConfiguration;
			baseConfigurationReference = AD2ABD13AC92B1CEFE2954A3 /* Pods-RoamTests.debug.xcconfig */;
			buildSettings = {
				ALWAYS_EMBED_SWIFT_STANDARD_LIBRARIES = YES;
				BUNDLE_LOADER = "$(TEST_HOST)";
				CODE_SIGN_STYLE = Automatic;
				DEVELOPMENT_TEAM = 2Y7PPXA97Y;
				INFOPLIST_FILE = RoamTests/Info.plist;
				LD_RUNPATH_SEARCH_PATHS = (
					"$(inherited)",
					"@executable_path/Frameworks",
					"@loader_path/Frameworks",
				);
				PRODUCT_BUNDLE_IDENTIFIER = com.darrelmuonekwu.RoamTests;
				PRODUCT_NAME = "$(TARGET_NAME)";
				SWIFT_VERSION = 5.0;
				TARGETED_DEVICE_FAMILY = "1,2";
				TEST_HOST = "$(BUILT_PRODUCTS_DIR)/Roam.app/Roam";
			};
			name = Debug;
		};
		EDE11A1B2290B1AE00853117 /* Release */ = {
			isa = XCBuildConfiguration;
			baseConfigurationReference = 69F20F3A5F30D55D229589E5 /* Pods-RoamTests.release.xcconfig */;
			buildSettings = {
				ALWAYS_EMBED_SWIFT_STANDARD_LIBRARIES = YES;
				BUNDLE_LOADER = "$(TEST_HOST)";
				CODE_SIGN_STYLE = Automatic;
				DEVELOPMENT_TEAM = 2Y7PPXA97Y;
				INFOPLIST_FILE = RoamTests/Info.plist;
				LD_RUNPATH_SEARCH_PATHS = (
					"$(inherited)",
					"@executable_path/Frameworks",
					"@loader_path/Frameworks",
				);
				PRODUCT_BUNDLE_IDENTIFIER = com.darrelmuonekwu.RoamTests;
				PRODUCT_NAME = "$(TARGET_NAME)";
				SWIFT_VERSION = 5.0;
				TARGETED_DEVICE_FAMILY = "1,2";
				TEST_HOST = "$(BUILT_PRODUCTS_DIR)/Roam.app/Roam";
			};
			name = Release;
		};
		EDE11A1D2290B1AE00853117 /* Debug */ = {
			isa = XCBuildConfiguration;
			baseConfigurationReference = 61D8B8464BC567D8ACC37B95 /* Pods-RoamUITests.debug.xcconfig */;
			buildSettings = {
				ALWAYS_EMBED_SWIFT_STANDARD_LIBRARIES = YES;
				CODE_SIGN_STYLE = Automatic;
				DEVELOPMENT_TEAM = 2Y7PPXA97Y;
				INFOPLIST_FILE = RoamUITests/Info.plist;
				LD_RUNPATH_SEARCH_PATHS = (
					"$(inherited)",
					"@executable_path/Frameworks",
					"@loader_path/Frameworks",
				);
				PRODUCT_BUNDLE_IDENTIFIER = com.darrelmuonekwu.RoamUITests;
				PRODUCT_NAME = "$(TARGET_NAME)";
				SWIFT_VERSION = 5.0;
				TARGETED_DEVICE_FAMILY = "1,2";
				TEST_TARGET_NAME = Roam;
			};
			name = Debug;
		};
		EDE11A1E2290B1AE00853117 /* Release */ = {
			isa = XCBuildConfiguration;
			baseConfigurationReference = 81BC988E71796CD90919DF30 /* Pods-RoamUITests.release.xcconfig */;
			buildSettings = {
				ALWAYS_EMBED_SWIFT_STANDARD_LIBRARIES = YES;
				CODE_SIGN_STYLE = Automatic;
				DEVELOPMENT_TEAM = 2Y7PPXA97Y;
				INFOPLIST_FILE = RoamUITests/Info.plist;
				LD_RUNPATH_SEARCH_PATHS = (
					"$(inherited)",
					"@executable_path/Frameworks",
					"@loader_path/Frameworks",
				);
				PRODUCT_BUNDLE_IDENTIFIER = com.darrelmuonekwu.RoamUITests;
				PRODUCT_NAME = "$(TARGET_NAME)";
				SWIFT_VERSION = 5.0;
				TARGETED_DEVICE_FAMILY = "1,2";
				TEST_TARGET_NAME = Roam;
			};
			name = Release;
		};
/* End XCBuildConfiguration section */

/* Begin XCConfigurationList section */
		EDE119E92290B1AC00853117 /* Build configuration list for PBXProject "Roam" */ = {
			isa = XCConfigurationList;
			buildConfigurations = (
				EDE11A142290B1AE00853117 /* Debug */,
				EDE11A152290B1AE00853117 /* Release */,
			);
			defaultConfigurationIsVisible = 0;
			defaultConfigurationName = Release;
		};
		EDE11A162290B1AE00853117 /* Build configuration list for PBXNativeTarget "Roam" */ = {
			isa = XCConfigurationList;
			buildConfigurations = (
				EDE11A172290B1AE00853117 /* Debug */,
				EDE11A182290B1AE00853117 /* Release */,
			);
			defaultConfigurationIsVisible = 0;
			defaultConfigurationName = Release;
		};
		EDE11A192290B1AE00853117 /* Build configuration list for PBXNativeTarget "RoamTests" */ = {
			isa = XCConfigurationList;
			buildConfigurations = (
				EDE11A1A2290B1AE00853117 /* Debug */,
				EDE11A1B2290B1AE00853117 /* Release */,
			);
			defaultConfigurationIsVisible = 0;
			defaultConfigurationName = Release;
		};
		EDE11A1C2290B1AE00853117 /* Build configuration list for PBXNativeTarget "RoamUITests" */ = {
			isa = XCConfigurationList;
			buildConfigurations = (
				EDE11A1D2290B1AE00853117 /* Debug */,
				EDE11A1E2290B1AE00853117 /* Release */,
			);
			defaultConfigurationIsVisible = 0;
			defaultConfigurationName = Release;
		};
/* End XCConfigurationList section */
	};
	rootObject = EDE119E62290B1AC00853117 /* Project object */;
}
